
Microsoft Visual Studio Solution File, Format Version 12.00
# Visual Studio 15
VisualStudioVersion = 15.0.26730.15
MinimumVisualStudioVersion = 10.0.40219.1
Project("{9A19103F-16F7-4668-BE54-9A1E7A4F7556}") = "SimplBlog", "SimplBlog\SimplBlog.csproj", "{9636333C-103A-4B79-A2F5-DE20A1C243C9}"
EndProject
Project("{FAE04EC0-301F-11D3-BF4B-00C04F79EFBC}") = "SimplBlog.dal", "SimplBlog.dal\SimplBlog.dal.csproj", "{972EB266-32F9-49BA-8E1F-C2BE7616E8FF}"
EndProject
Global
	GlobalSection(SolutionConfigurationPlatforms) = preSolution
		Debug|Any CPU = Debug|Any CPU
		Release|Any CPU = Release|Any CPU
	EndGlobalSection
	GlobalSection(ProjectConfigurationPlatforms) = postSolution
		{9636333C-103A-4B79-A2F5-DE20A1C243C9}.Debug|Any CPU.ActiveCfg = Debug|Any CPU
		{9636333C-103A-4B79-A2F5-DE20A1C243C9}.Debug|Any CPU.Build.0 = Debug|Any CPU
		{9636333C-103A-4B79-A2F5-DE20A1C243C9}.Release|Any CPU.ActiveCfg = Release|Any CPU
		{9636333C-103A-4B79-A2F5-DE20A1C243C9}.Release|Any CPU.Build.0 = Release|Any CPU
		{972EB266-32F9-49BA-8E1F-C2BE7616E8FF}.Debug|Any CPU.ActiveCfg = Debug|Any CPU
		{972EB266-32F9-49BA-8E1F-C2BE7616E8FF}.Debug|Any CPU.Build.0 = Debug|Any CPU
		{972EB266-32F9-49BA-8E1F-C2BE7616E8FF}.Release|Any CPU.ActiveCfg = Release|Any CPU
		{972EB266-32F9-49BA-8E1F-C2BE7616E8FF}.Release|Any CPU.Build.0 = Release|Any CPU
	EndGlobalSection
	GlobalSection(SolutionProperties) = preSolution
		HideSolutionNode = FALSE
	EndGlobalSection
	GlobalSection(ExtensibilityGlobals) = postSolution
		SolutionGuid = {5C891453-341F-4914-943C-CC61BCDD9378}
	EndGlobalSection
EndGlobal
